
Microsoft Visual Studio Solution File, Format Version 12.00
# Visual Studio Version 17
VisualStudioVersion = 17.14.37614.0 d17.14
MinimumVisualStudioVersion = 10.0.40219.1
Project("{8BC9CEB8-8B4A-11D0-8D11-00A0C91BC942}") = "26311030-Parkjihwan-", "26311030-Parkjihwan-.vcxproj", "{12D4F342-C331-4117-9AFB-C174450AAA80}"
EndProject
Global
	GlobalSection(SolutionConfigurationPlatforms) = preSolution
		Debug|x64 = Debug|x64
		Debug|x86 = Debug|x86
		Release|x64 = Release|x64
		Release|x86 = Release|x86
	EndGlobalSection
	GlobalSection(ProjectConfigurationPlatforms) = postSolution
		{12D4F342-C331-4117-9AFB-C174450AAA80}.Debug|x64.ActiveCfg = Debug|x64
		{12D4F342-C331-4117-9AFB-C174450AAA80}.Debug|x64.Build.0 = Debug|x64
		{12D4F342-C331-4117-9AFB-C174450AAA80}.Debug|x86.ActiveCfg = Debug|Win32
		{12D4F342-C331-4117-9AFB-C174450AAA80}.Debug|x86.Build.0 = Debug|Win32
		{12D4F342-C331-4117-9AFB-C174450AAA80}.Release|x64.ActiveCfg = Release|x64
		{12D4F342-C331-4117-9AFB-C174450AAA80}.Release|x64.Build.0 = Release|x64
		{12D4F342-C331-4117-9AFB-C174450AAA80}.Release|x86.ActiveCfg = Release|Win32
		{12D4F342-C331-4117-9AFB-C174450AAA80}.Release|x86.Build.0 = Release|Win32
	EndGlobalSection
	GlobalSection(SolutionProperties) = preSolution
		HideSolutionNode = FALSE
	EndGlobalSection
	GlobalSection(ExtensibilityGlobals) = postSolution
		SolutionGuid = {94B781FA-C436-450F-9599-654DB5475CE9}
	EndGlobalSection
EndGlobal
